
Microsoft Visual Studio Solution File, Format Version 12.00
# Visual Studio Version 17
VisualStudioVersion = 17.8.34511.84
MinimumVisualStudioVersion = 10.0.40219.1
Project("{FAE04EC0-301F-11D3-BF4B-00C04F79EFBC}") = "Mypay.webApi", "Mypay.webApi\Mypay.webApi.csproj", "{4E100198-412D-4453-866D-A98927AB2A4F}"
EndProject
Project("{FAE04EC0-301F-11D3-BF4B-00C04F79EFBC}") = "Mypay.web", "Mypay.web\Mypay.web.csproj", "{461FA74D-C234-42AE-954C-D666DDD401A5}"
EndProject
Global
	GlobalSection(SolutionConfigurationPlatforms) = preSolution
		Debug|Any CPU = Debug|Any CPU
		Release|Any CPU = Release|Any CPU
	EndGlobalSection
	GlobalSection(ProjectConfigurationPlatforms) = postSolution
		{4E100198-412D-4453-866D-A98927AB2A4F}.Debug|Any CPU.ActiveCfg = Debug|Any CPU
		{4E100198-412D-4453-866D-A98927AB2A4F}.Debug|Any CPU.Build.0 = Debug|Any CPU
		{4E100198-412D-4453-866D-A98927AB2A4F}.Release|Any CPU.ActiveCfg = Release|Any CPU
		{4E100198-412D-4453-866D-A98927AB2A4F}.Release|Any CPU.Build.0 = Release|Any CPU
		{461FA74D-C234-42AE-954C-D666DDD401A5}.Debug|Any CPU.ActiveCfg = Debug|Any CPU
		{461FA74D-C234-42AE-954C-D666DDD401A5}.Debug|Any CPU.Build.0 = Debug|Any CPU
		{461FA74D-C234-42AE-954C-D666DDD401A5}.Release|Any CPU.ActiveCfg = Release|Any CPU
		{461FA74D-C234-42AE-954C-D666DDD401A5}.Release|Any CPU.Build.0 = Release|Any CPU
	EndGlobalSection
	GlobalSection(SolutionProperties) = preSolution
		HideSolutionNode = FALSE
	EndGlobalSection
	GlobalSection(ExtensibilityGlobals) = postSolution
		SolutionGuid = {B1763FAB-F9BB-47A6-A722-AD3DFC6C01F3}
	EndGlobalSection
EndGlobal
